
Microsoft Visual Studio Solution File, Format Version 12.00
# Visual Studio 15
VisualStudioVersion = 15.0.28307.1340
MinimumVisualStudioVersion = 10.0.40219.1
Project("{FAE04EC0-301F-11D3-BF4B-00C04F79EFBC}") = "ECountSDK", "ECountSDK.csproj", "{C47887CB-4770-4806-8B56-CEFA8093F2FF}"
EndProject
Global
	GlobalSection(SolutionConfigurationPlatforms) = preSolution
		Debug|Any CPU = Debug|Any CPU
		Release|Any CPU = Release|Any CPU
	EndGlobalSection
	GlobalSection(ProjectConfigurationPlatforms) = postSolution
		{C47887CB-4770-4806-8B56-CEFA8093F2FF}.Debug|Any CPU.ActiveCfg = Debug|Any CPU
		{C47887CB-4770-4806-8B56-CEFA8093F2FF}.Debug|Any CPU.Build.0 = Debug|Any CPU
		{C47887CB-4770-4806-8B56-CEFA8093F2FF}.Release|Any CPU.ActiveCfg = Release|Any CPU
		{C47887CB-4770-4806-8B56-CEFA8093F2FF}.Release|Any CPU.Build.0 = Release|Any CPU
	EndGlobalSection
	GlobalSection(SolutionProperties) = preSolution
		HideSolutionNode = FALSE
	EndGlobalSection
	GlobalSection(ExtensibilityGlobals) = postSolution
		SolutionGuid = {1CF68A8C-59B8-4322-BD48-C119CE63821C}
	EndGlobalSection
EndGlobal
